// !$*UTF8*$!
{
	archiveVersion = 1;
	classes = {
	};
	objectVersion = 55;
	objects = {

/* Begin PBXBuildFile section */
		0303EC16277CD23A002690CE /* AppDelegate.swift in Sources */ = {isa = PBXBuildFile; fileRef = 0303EC15277CD23A002690CE /* AppDelegate.swift */; };
		0303EC18277CD23A002690CE /* SceneDelegate.swift in Sources */ = {isa = PBXBuildFile; fileRef = 0303EC17277CD23A002690CE /* SceneDelegate.swift */; };
		0303EC1A277CD23A002690CE /* ViewController.swift in Sources */ = {isa = PBXBuildFile; fileRef = 0303EC19277CD23A002690CE /* ViewController.swift */; };
		0303EC1D277CD23A002690CE /* Main.storyboard in Resources */ = {isa = PBXBuildFile; fileRef = 0303EC1B277CD23A002690CE /* Main.storyboard */; };
		0303EC1F277CD240002690CE /* Assets.xcassets in Resources */ = {isa = PBXBuildFile; fileRef = 0303EC1E277CD240002690CE /* Assets.xcassets */; };
		0303EC22277CD240002690CE /* LaunchScreen.storyboard in Resources */ = {isa = PBXBuildFile; fileRef = 0303EC20277CD240002690CE /* LaunchScreen.storyboard */; };
		0303EC2D277CD240002690CE /* httpsHeadersDemoTests.swift in Sources */ = {isa = PBXBuildFile; fileRef = 0303EC2C277CD240002690CE /* httpsHeadersDemoTests.swift */; };
		0303EC37277CD240002690CE /* httpsHeadersDemoUITests.swift in Sources */ = {isa = PBXBuildFile; fileRef = 0303EC36277CD240002690CE /* httpsHeadersDemoUITests.swift */; };
		0303EC39277CD240002690CE /* httpsHeadersDemoUITestsLaunchTests.swift in Sources */ = {isa = PBXBuildFile; fileRef = 0303EC38277CD240002690CE /* httpsHeadersDemoUITestsLaunchTests.swift */; };
/* End PBXBuildFile section */

/* Begin PBXContainerItemProxy section */
		0303EC29277CD240002690CE /* PBXContainerItemProxy */ = {
			isa = PBXContainerItemProxy;
			containerPortal = 0303EC0A277CD23A002690CE /* Project object */;
			proxyType = 1;
			remoteGlobalIDString = 0303EC11277CD23A002690CE;
			remoteInfo = httpsHeadersDemo;
		};
		0303EC33277CD240002690CE /* PBXContainerItemProxy */ = {
			isa = PBXContainerItemProxy;
			containerPortal = 0303EC0A277CD23A002690CE /* Project object */;
			proxyType = 1;
			remoteGlobalIDString = 0303EC11277CD23A002690CE;
			remoteInfo = httpsHeadersDemo;
		};
/* End PBXContainerItemProxy section */

/* Begin PBXFileReference section */
		0303EC12277CD23A002690CE /* httpsHeadersDemo.app */ = {isa = PBXFileReference; explicitFileType = wrapper.application; includeInIndex = 0; path = httpsHeadersDemo.app; sourceTree = BUILT_PRODUCTS_DIR; };
		0303EC15277CD23A002690CE /* AppDelegate.swift */ = {isa = PBXFileReference; lastKnownFileType = sourcecode.swift; path = AppDelegate.swift; sourceTree = "<group>"; };
		0303EC17277CD23A002690CE /* SceneDelegate.swift */ = {isa = PBXFileReference; lastKnownFileType = sourcecode.swift; path = SceneDelegate.swift; sourceTree = "<group>"; };
		0303EC19277CD23A002690CE /* ViewController.swift */ = {isa = PBXFileReference; lastKnownFileType = sourcecode.swift; path = ViewController.swift; sourceTree = "<group>"; };
		0303EC1C277CD23A002690CE /* Base */ = {isa = PBXFileReference; lastKnownFileType = file.storyboard; name = Base; path = Base.lproj/Main.storyboard; sourceTree = "<group>"; };
		0303EC1E277CD240002690CE /* Assets.xcassets */ = {isa = PBXFileReference; lastKnownFileType = folder.assetcatalog; path = Assets.xcassets; sourceTree = "<group>"; };
		0303EC21277CD240002690CE /* Base */ = {isa = PBXFileReference; lastKnownFileType = file.storyboard; name = Base; path = Base.lproj/LaunchScreen.storyboard; sourceTree = "<group>"; };
		0303EC23277CD240002690CE /* Info.plist */ = {isa = PBXFileReference; lastKnownFileType = text.plist.xml; path = Info.plist; sourceTree = "<group>"; };
		0303EC28277CD240002690CE /* httpsHeadersDemoTests.xctest */ = {isa = PBXFileReference; explicitFileType = wrapper.cfbundle; includeInIndex = 0; path = httpsHeadersDemoTests.xctest; sourceTree = BUILT_PRODUCTS_DIR; };
		0303EC2C277CD240002690CE /* httpsHeadersDemoTests.swift */ = {isa = PBXFileReference; lastKnownFileType = sourcecode.swift; path = httpsHeadersDemoTests.swift; sourceTree = "<group>"; };
		0303EC32277CD240002690CE /* httpsHeadersDemoUITests.xctest */ = {isa = PBXFileReference; explicitFileType = wrapper.cfbundle; includeInIndex = 0; path = httpsHeadersDemoUITests.xctest; sourceTree = BUILT_PRODUCTS_DIR; };
		0303EC36277CD240002690CE /* httpsHeadersDemoUITests.swift */ = {isa = PBXFileReference; lastKnownFileType = sourcecode.swift; path = httpsHeadersDemoUITests.swift; sourceTree = "<group>"; };
		0303EC38277CD240002690CE /* httpsHeadersDemoUITestsLaunchTests.swift */ = {isa = PBXFileReference; lastKnownFileType = sourcecode.swift; path = httpsHeadersDemoUITestsLaunchTests.swift; sourceTree = "<group>"; };
/* End PBXFileReference section */

/* Begin PBXFrameworksBuildPhase section */
		0303EC0F277CD23A002690CE /* Frameworks */ = {
			isa = PBXFrameworksBuildPhase;
			buildActionMask = 2147483647;
			files = (
			);
			runOnlyForDeploymentPostprocessing = 0;
		};
		0303EC25277CD240002690CE /* Frameworks */ = {
			isa = PBXFrameworksBuildPhase;
			buildActionMask = 2147483647;
			files = (
			);
			runOnlyForDeploymentPostprocessing = 0;
		};
		0303EC2F277CD240002690CE /* Frameworks */ = {
			isa = PBXFrameworksBuildPhase;
			buildActionMask = 2147483647;
			files = (
			);
			runOnlyForDeploymentPostprocessing = 0;
		};
/* End PBXFrameworksBuildPhase section */

/* Begin PBXGroup section */
		0303EC09277CD23A002690CE = {
			isa = PBXGroup;
			children = (
				0303EC14277CD23A002690CE /* httpsHeadersDemo */,
				0303EC2B277CD240002690CE /* httpsHeadersDemoTests */,
				0303EC35277CD240002690CE /* httpsHeadersDemoUITests */,
				0303EC13277CD23A002690CE /* Products */,
			);
			sourceTree = "<group>";
		};
		0303EC13277CD23A002690CE /* Products */ = {
			isa = PBXGroup;
			children = (
				0303EC12277CD23A002690CE /* httpsHeadersDemo.app */,
				0303EC28277CD240002690CE /* httpsHeadersDemoTests.xctest */,
				0303EC32277CD240002690CE /* httpsHeadersDemoUITests.xctest */,
			);
			name = Products;
			sourceTree = "<group>";
		};
		0303EC14277CD23A002690CE /* httpsHeadersDemo */ = {
			isa = PBXGroup;
			children = (
				0303EC15277CD23A002690CE /* AppDelegate.swift */,
				0303EC17277CD23A002690CE /* SceneDelegate.swift */,
				0303EC19277CD23A002690CE /* ViewController.swift */,
				0303EC1B277CD23A002690CE /* Main.storyboard */,
				0303EC1E277CD240002690CE /* Assets.xcassets */,
				0303EC20277CD240002690CE /* LaunchScreen.storyboard */,
				0303EC23277CD240002690CE /* Info.plist */,
			);
			path = httpsHeadersDemo;
			sourceTree = "<group>";
		};
		0303EC2B277CD240002690CE /* httpsHeadersDemoTests */ = {
			isa = PBXGroup;
			children = (
				0303EC2C277CD240002690CE /* httpsHeadersDemoTests.swift */,
			);
			path = httpsHeadersDemoTests;
			sourceTree = "<group>";
		};
		0303EC35277CD240002690CE /* httpsHeadersDemoUITests */ = {
			isa = PBXGroup;
			children = (
				0303EC36277CD240002690CE /* httpsHeadersDemoUITests.swift */,
				0303EC38277CD240002690CE /* httpsHeadersDemoUITestsLaunchTests.swift */,
			);
			path = httpsHeadersDemoUITests;
			sourceTree = "<group>";
		};
/* End PBXGroup section */

/* Begin PBXNativeTarget section */
		0303EC11277CD23A002690CE /* httpsHeadersDemo */ = {
			isa = PBXNativeTarget;
			buildConfigurationList = 0303EC3C277CD240002690CE /* Build configuration list for PBXNativeTarget "httpsHeadersDemo" */;
			buildPhases = (
				0303EC0E277CD23A002690CE /* Sources */,
				0303EC0F277CD23A002690CE /* Frameworks */,
				0303EC10277CD23A002690CE /* Resources */,
			);
			buildRules = (
			);
			dependencies = (
			);
			name = httpsHeadersDemo;
			productName = httpsHeadersDemo;
			productReference = 0303EC12277CD23A002690CE /* httpsHeadersDemo.app */;
			productType = "com.apple.product-type.application";
		};
		0303EC27277CD240002690CE /* httpsHeadersDemoTests */ = {
			isa = PBXNativeTarget;
			buildConfigurationList = 0303EC3F277CD240002690CE /* Build configuration list for PBXNativeTarget "httpsHeadersDemoTests" */;
			buildPhases = (
				0303EC24277CD240002690CE /* Sources */,
				0303EC25277CD240002690CE /* Frameworks */,
				0303EC26277CD240002690CE /* Resources */,
			);
			buildRules = (
			);
			dependencies = (
				0303EC2A277CD240002690CE /* PBXTargetDependency */,
			);
			name = httpsHeadersDemoTests;
			productName = httpsHeadersDemoTests;
			productReference = 0303EC28277CD240002690CE /* httpsHeadersDemoTests.xctest */;
			productType = "com.apple.product-type.bundle.unit-test";
		};
		0303EC31277CD240002690CE /* httpsHeadersDemoUITests */ = {
			isa = PBXNativeTarget;
			buildConfigurationList = 0303EC42277CD240002690CE /* Build configuration list for PBXNativeTarget "httpsHeadersDemoUITests" */;
			buildPhases = (
				0303EC2E277CD240002690CE /* Sources */,
				0303EC2F277CD240002690CE /* Frameworks */,
				0303EC30277CD240002690CE /* Resources */,
			);
			buildRules = (
			);
			dependencies = (
				0303EC34277CD240002690CE /* PBXTargetDependency */,
			);
			name = httpsHeadersDemoUITests;
			productName = httpsHeadersDemoUITests;
			productReference = 0303EC32277CD240002690CE /* httpsHeadersDemoUITests.xctest */;
			productType = "com.apple.product-type.bundle.ui-testing";
		};
/* End PBXNativeTarget section */

/* Begin PBXProject section */
		0303EC0A277CD23A002690CE /* Project object */ = {
			isa = PBXProject;
			attributes = {
				BuildIndependentTargetsInParallel = 1;
				LastSwiftUpdateCheck = 1320;
				LastUpgradeCheck = 1320;
				TargetAttributes = {
					0303EC11277CD23A002690CE = {
						CreatedOnToolsVersion = 13.2.1;
					};
					0303EC27277CD240002690CE = {
						CreatedOnToolsVersion = 13.2.1;
						TestTargetID = 0303EC11277CD23A002690CE;
					};
					0303EC31277CD240002690CE = {
						CreatedOnToolsVersion = 13.2.1;
						TestTargetID = 0303EC11277CD23A002690CE;
					};
				};
			};
			buildConfigurationList = 0303EC0D277CD23A002690CE /* Build configuration list for PBXProject "httpsHeadersDemo" */;
			compatibilityVersion = "Xcode 13.0";
			developmentRegion = en;
			hasScannedForEncodings = 0;
			knownRegions = (
				en,
				Base,
			);
			mainGroup = 0303EC09277CD23A002690CE;
			productRefGroup = 0303EC13277CD23A002690CE /* Products */;
			projectDirPath = "";
			projectRoot = "";
			targets = (
				0303EC11277CD23A002690CE /* httpsHeadersDemo */,
				0303EC27277CD240002690CE /* httpsHeadersDemoTests */,
				0303EC31277CD240002690CE /* httpsHeadersDemoUITests */,
			);
		};
/* End PBXProject section */

/* Begin PBXResourcesBuildPhase section */
		0303EC10277CD23A002690CE /* Resources */ = {
			isa = PBXResourcesBuildPhase;
			buildActionMask = 2147483647;
			files = (
				0303EC22277CD240002690CE /* LaunchScreen.storyboard in Resources */,
				0303EC1F277CD240002690CE /* Assets.xcassets in Resources */,
				0303EC1D277CD23A002690CE /* Main.storyboard in Resources */,
			);
			runOnlyForDeploymentPostprocessing = 0;
		};
		0303EC26277CD240002690CE /* Resources */ = {
			isa = PBXResourcesBuildPhase;
			buildActionMask = 2147483647;
			files = (
			);
			runOnlyForDeploymentPostprocessing = 0;
		};
		0303EC30277CD240002690CE /* Resources */ = {
			isa = PBXResourcesBuildPhase;
			buildActionMask = 2147483647;
			files = (
			);
			runOnlyForDeploymentPostprocessing = 0;
		};
/* End PBXResourcesBuildPhase section */

/* Begin PBXSourcesBuildPhase section */
		0303EC0E277CD23A002690CE /* Sources */ = {
			isa = PBXSourcesBuildPhase;
			buildActionMask = 2147483647;
			files = (
				0303EC1A277CD23A002690CE /* ViewController.swift in Sources */,
				0303EC16277CD23A002690CE /* AppDelegate.swift in Sources */,
				0303EC18277CD23A002690CE /* SceneDelegate.swift in Sources */,
			);
			runOnlyForDeploymentPostprocessing = 0;
		};
		0303EC24277CD240002690CE /* Sources */ = {
			isa = PBXSourcesBuildPhase;
			buildActionMask = 2147483647;
			files = (
				0303EC2D277CD240002690CE /* httpsHeadersDemoTests.swift in Sources */,
			);
			runOnlyForDeploymentPostprocessing = 0;
		};
		0303EC2E277CD240002690CE /* Sources */ = {
			isa = PBXSourcesBuildPhase;
			buildActionMask = 2147483647;
			files = (
				0303EC39277CD240002690CE /* httpsHeadersDemoUITestsLaunchTests.swift in Sources */,
				0303EC37277CD240002690CE /* httpsHeadersDemoUITests.swift in Sources */,
			);
			runOnlyForDeploymentPostprocessing = 0;
		};
/* End PBXSourcesBuildPhase section */

/* Begin PBXTargetDependency section */
		0303EC2A277CD240002690CE /* PBXTargetDependency */ = {
			isa = PBXTargetDependency;
			target = 0303EC11277CD23A002690CE /* httpsHeadersDemo */;
			targetProxy = 0303EC29277CD240002690CE /* PBXContainerItemProxy */;
		};
		0303EC34277CD240002690CE /* PBXTargetDependency */ = {
			isa = PBXTargetDependency;
			target = 0303EC11277CD23A002690CE /* httpsHeadersDemo */;
			targetProxy = 0303EC33277CD240002690CE /* PBXContainerItemProxy */;
		};
/* End PBXTargetDependency section */

/* Begin PBXVariantGroup section */
		0303EC1B277CD23A002690CE /* Main.storyboard */ = {
			isa = PBXVariantGroup;
			children = (
				0303EC1C277CD23A002690CE /* Base */,
			);
			name = Main.storyboard;
			sourceTree = "<group>";
		};
		0303EC20277CD240002690CE /* LaunchScreen.storyboard */ = {
			isa = PBXVariantGroup;
			children = (
				0303EC21277CD240002690CE /* Base */,
			);
			name = LaunchScreen.storyboard;
			sourceTree = "<group>";
		};
/* End PBXVariantGroup section */

/* Begin XCBuildConfiguration section */
		0303EC3A277CD240002690CE /* Debug */ = {
			isa = XCBuildConfiguration;
			buildSettings = {
				ALWAYS_SEARCH_USER_PATHS = NO;
				CLANG_ANALYZER_NONNULL = YES;
				CLANG_ANALYZER_NUMBER_OBJECT_CONVERSION = YES_AGGRESSIVE;
				CLANG_CXX_LANGUAGE_STANDARD = "gnu++17";
				CLANG_CXX_LIBRARY = "libc++";
				CLANG_ENABLE_MODULES = YES;
				CLANG_ENABLE_OBJC_ARC = YES;
				CLANG_ENABLE_OBJC_WEAK = YES;
				CLANG_WARN_BLOCK_CAPTURE_AUTORELEASING = YES;
				CLANG_WARN_BOOL_CONVERSION = YES;
				CLANG_WARN_COMMA = YES;
				CLANG_WARN_CONSTANT_CONVERSION = YES;
				CLANG_WARN_DEPRECATED_OBJC_IMPLEMENTATIONS = YES;
				CLANG_WARN_DIRECT_OBJC_ISA_USAGE = YES_ERROR;
				CLANG_WARN_DOCUMENTATION_COMMENTS = YES;
				CLANG_WARN_EMPTY_BODY = YES;
				CLANG_WARN_ENUM_CONVERSION = YES;
				CLANG_WARN_INFINITE_RECURSION = YES;
				CLANG_WARN_INT_CONVERSION = YES;
				CLANG_WARN_NON_LITERAL_NULL_CONVERSION = YES;
				CLANG_WARN_OBJC_IMPLICIT_RETAIN_SELF = YES;
				CLANG_WARN_OBJC_LITERAL_CONVERSION = YES;
				CLANG_WARN_OBJC_ROOT_CLASS = YES_ERROR;
				CLANG_WARN_QUOTED_INCLUDE_IN_FRAMEWORK_HEADER = YES;
				CLANG_WARN_RANGE_LOOP_ANALYSIS = YES;
				CLANG_WARN_STRICT_PROTOTYPES = YES;
				CLANG_WARN_SUSPICIOUS_MOVE = YES;
				CLANG_WARN_UNGUARDED_AVAILABILITY = YES_AGGRESSIVE;
				CLANG_WARN_UNREACHABLE_CODE = YES;
				CLANG_WARN__DUPLICATE_METHOD_MATCH = YES;
				COPY_PHASE_STRIP = NO;
				DEBUG_INFORMATION_FORMAT = dwarf;
				ENABLE_STRICT_OBJC_MSGSEND = YES;
				ENABLE_TESTABILITY = YES;
				GCC_C_LANGUAGE_STANDARD = gnu11;
				GCC_DYNAMIC_NO_PIC = NO;
				GCC_NO_COMMON_BLOCKS = YES;
				GCC_OPTIMIZATION_LEVEL = 0;
				GCC_PREPROCESSOR_DEFINITIONS = (
					"DEBUG=1",
					"$(inherited)",
				);
				GCC_WARN_64_TO_32_BIT_CONVERSION = YES;
				GCC_WARN_ABOUT_RETURN_TYPE = YES_ERROR;
				GCC_WARN_UNDECLARED_SELECTOR = YES;
				GCC_WARN_UNINITIALIZED_AUTOS = YES_AGGRESSIVE;
				GCC_WARN_UNUSED_FUNCTION = YES;
				GCC_WARN_UNUSED_VARIABLE = YES;
				IPHONEOS_DEPLOYMENT_TARGET = 15.2;
				MTL_ENABLE_DEBUG_INFO = INCLUDE_SOURCE;
				MTL_FAST_MATH = YES;
				ONLY_ACTIVE_ARCH = YES;
				SDKROOT = iphoneos;
				SWIFT_ACTIVE_COMPILATION_CONDITIONS = DEBUG;
				SWIFT_OPTIMIZATION_LEVEL = "-Onone";
			};
			name = Debug;
		};
		0303EC3B277CD240002690CE /* Release */ = {
			isa = XCBuildConfiguration;
			buildSettings = {
				ALWAYS_SEARCH_USER_PATHS = NO;
				CLANG_ANALYZER_NONNULL = YES;
				CLANG_ANALYZER_NUMBER_OBJECT_CONVERSION = YES_AGGRESSIVE;
				CLANG_CXX_LANGUAGE_STANDARD = "gnu++17";
				CLANG_CXX_LIBRARY = "libc++";
				CLANG_ENABLE_MODULES = YES;
				CLANG_ENABLE_OBJC_ARC = YES;
				CLANG_ENABLE_OBJC_WEAK = YES;
				CLANG_WARN_BLOCK_CAPTURE_AUTORELEASING = YES;
				CLANG_WARN_BOOL_CONVERSION = YES;
				CLANG_WARN_COMMA = YES;
				CLANG_WARN_CONSTANT_CONVERSION = YES;
				CLANG_WARN_DEPRECATED_OBJC_IMPLEMENTATIONS = YES;
				CLANG_WARN_DIRECT_OBJC_ISA_USAGE = YES_ERROR;
				CLANG_WARN_DOCUMENTATION_COMMENTS = YES;
				CLANG_WARN_EMPTY_BODY = YES;
				CLANG_WARN_ENUM_CONVERSION = YES;
				CLANG_WARN_INFINITE_RECURSION = YES;
				CLANG_WARN_INT_CONVERSION = YES;
				CLANG_WARN_NON_LITERAL_NULL_CONVERSION = YES;
				CLANG_WARN_OBJC_IMPLICIT_RETAIN_SELF = YES;
				CLANG_WARN_OBJC_LITERAL_CONVERSION = YES;
				CLANG_WARN_OBJC_ROOT_CLASS = YES_ERROR;
				CLANG_WARN_QUOTED_INCLUDE_IN_FRAMEWORK_HEADER = YES;
				CLANG_WARN_RANGE_LOOP_ANALYSIS = YES;
				CLANG_WARN_STRICT_PROTOTYPES = YES;
				CLANG_WARN_SUSPICIOUS_MOVE = YES;
				CLANG_WARN_UNGUARDED_AVAILABILITY = YES_AGGRESSIVE;
				CLANG_WARN_UNREACHABLE_CODE = YES;
				CLANG_WARN__DUPLICATE_METHOD_MATCH = YES;
				COPY_PHASE_STRIP = NO;
				DEBUG_INFORMATION_FORMAT = "dwarf-with-dsym";
				ENABLE_NS_ASSERTIONS = NO;
				ENABLE_STRICT_OBJC_MSGSEND = YES;
				GCC_C_LANGUAGE_STANDARD = gnu11;
				GCC_NO_COMMON_BLOCKS = YES;
				GCC_WARN_64_TO_32_BIT_CONVERSION = YES;
				GCC_WARN_ABOUT_RETURN_TYPE = YES_ERROR;
				GCC_WARN_UNDECLARED_SELECTOR = YES;
				GCC_WARN_UNINITIALIZED_AUTOS = YES_AGGRESSIVE;
				GCC_WARN_UNUSED_FUNCTION = YES;
				GCC_WARN_UNUSED_VARIABLE = YES;
				IPHONEOS_DEPLOYMENT_TARGET = 15.2;
				MTL_ENABLE_DEBUG_INFO = NO;
				MTL_FAST_MATH = YES;
				SDKROOT = iphoneos;
				SWIFT_COMPILATION_MODE = wholemodule;
				SWIFT_OPTIMIZATION_LEVEL = "-O";
				VALIDATE_PRODUCT = YES;
			};
			name = Release;
		};
		0303EC3D277CD240002690CE /* Debug */ = {
			isa = XCBuildConfiguration;
			buildSettings = {
				ASSETCATALOG_COMPILER_APPICON_NAME = AppIcon;
				ASSETCATALOG_COMPILER_GLOBAL_ACCENT_COLOR_NAME = AccentColor;
				CODE_SIGN_STYLE = Automatic;
				CURRENT_PROJECT_VERSION = 1;
				DEVELOPMENT_TEAM = HFK3F7XBAA;
				GENERATE_INFOPLIST_FILE = YES;
				INFOPLIST_FILE = httpsHeadersDemo/Info.plist;
				INFOPLIST_KEY_UIApplicationSupportsIndirectInputEvents = YES;
				INFOPLIST_KEY_UILaunchStoryboardName = LaunchScreen;
				INFOPLIST_KEY_UIMainStoryboardFile = Main;
				INFOPLIST_KEY_UISupportedInterfaceOrientations_iPad = "UIInterfaceOrientationPortrait UIInterfaceOrientationPortraitUpsideDown UIInterfaceOrientationLandscapeLeft UIInterfaceOrientationLandscapeRight";
				INFOPLIST_KEY_UISupportedInterfaceOrientations_iPhone = "UIInterfaceOrientationPortrait UIInterfaceOrientationLandscapeLeft UIInterfaceOrientationLandscapeRight";
				LD_RUNPATH_SEARCH_PATHS = (
					"$(inherited)",
					"@executable_path/Frameworks",
				);
				MARKETING_VERSION = 1.0;
				PRODUCT_BUNDLE_IDENTIFIER = com.zambrano.httpsHeadersDemo;
				PRODUCT_NAME = "$(TARGET_NAME)";
				SWIFT_EMIT_LOC_STRINGS = YES;
				SWIFT_VERSION = 5.0;
				TARGETED_DEVICE_FAMILY = "1,2";
			};
			name = Debug;
		};
		0303EC3E277CD240002690CE /* Release */ = {
			isa = XCBuildConfiguration;
			buildSettings = {
				ASSETCATALOG_COMPILER_APPICON_NAME = AppIcon;
				ASSETCATALOG_COMPILER_GLOBAL_ACCENT_COLOR_NAME = AccentColor;
				CODE_SIGN_STYLE = Automatic;
				CURRENT_PROJECT_VERSION = 1;
				DEVELOPMENT_TEAM = HFK3F7XBAA;
				GENERATE_INFOPLIST_FILE = YES;
				INFOPLIST_FILE = httpsHeadersDemo/Info.plist;
				INFOPLIST_KEY_UIApplicationSupportsIndirectInputEvents = YES;
				INFOPLIST_KEY_UILaunchStoryboardName = LaunchScreen;
				INFOPLIST_KEY_UIMainStoryboardFile = Main;
				INFOPLIST_KEY_UISupportedInterfaceOrientations_iPad = "UIInterfaceOrientationPortrait UIInterfaceOrientationPortraitUpsideDown UIInterfaceOrientationLandscapeLeft UIInterfaceOrientationLandscapeRight";
				INFOPLIST_KEY_UISupportedInterfaceOrientations_iPhone = "UIInterfaceOrientationPortrait UIInterfaceOrientationLandscapeLeft UIInterfaceOrientationLandscapeRight";
				LD_RUNPATH_SEARCH_PATHS = (
					"$(inherited)",
					"@executable_path/Frameworks",
				);
				MARKETING_VERSION = 1.0;
				PRODUCT_BUNDLE_IDENTIFIER = com.zambrano.httpsHeadersDemo;
				PRODUCT_NAME = "$(TARGET_NAME)";
				SWIFT_EMIT_LOC_STRINGS = YES;
				SWIFT_VERSION = 5.0;
				TARGETED_DEVICE_FAMILY = "1,2";
			};
			name = Release;
		};
		0303EC40277CD240002690CE /* Debug */ = {
			isa = XCBuildConfiguration;
			buildSettings = {
				ALWAYS_EMBED_SWIFT_STANDARD_LIBRARIES = YES;
				BUNDLE_LOADER = "$(TEST_HOST)";
				CODE_SIGN_STYLE = Automatic;
				CURRENT_PROJECT_VERSION = 1;
				DEVELOPMENT_TEAM = HFK3F7XBAA;
				GENERATE_INFOPLIST_FILE = YES;
				IPHONEOS_DEPLOYMENT_TARGET = 15.2;
				MARKETING_VERSION = 1.0;
				PRODUCT_BUNDLE_IDENTIFIER = com.zambrano.httpsHeadersDemoTests;
				PRODUCT_NAME = "$(TARGET_NAME)";
				SWIFT_EMIT_LOC_STRINGS = NO;
				SWIFT_VERSION = 5.0;
				TARGETED_DEVICE_FAMILY = "1,2";
				TEST_HOST = "$(BUILT_PRODUCTS_DIR)/httpsHeadersDemo.app/httpsHeadersDemo";
			};
			name = Debug;
		};
		0303EC41277CD240002690CE /* Release */ = {
			isa = XCBuildConfiguration;
			buildSettings = {
				ALWAYS_EMBED_SWIFT_STANDARD_LIBRARIES = YES;
				BUNDLE_LOADER = "$(TEST_HOST)";
				CODE_SIGN_STYLE = Automatic;
				CURRENT_PROJECT_VERSION = 1;
				DEVELOPMENT_TEAM = HFK3F7XBAA;
				GENERATE_INFOPLIST_FILE = YES;
				IPHONEOS_DEPLOYMENT_TARGET = 15.2;
				MARKETING_VERSION = 1.0;
				PRODUCT_BUNDLE_IDENTIFIER = com.zambrano.httpsHeadersDemoTests;
				PRODUCT_NAME = "$(TARGET_NAME)";
				SWIFT_EMIT_LOC_STRINGS = NO;
				SWIFT_VERSION = 5.0;
				TARGETED_DEVICE_FAMILY = "1,2";
				TEST_HOST = "$(BUILT_PRODUCTS_DIR)/httpsHeadersDemo.app/httpsHeadersDemo";
			};
			name = Release;
		};
		0303EC43277CD240002690CE /* Debug */ = {
			isa = XCBuildConfiguration;
			buildSettings = {
				ALWAYS_EMBED_SWIFT_STANDARD_LIBRARIES = YES;
				CODE_SIGN_STYLE = Automatic;
				CURRENT_PROJECT_VERSION = 1;
				DEVELOPMENT_TEAM = HFK3F7XBAA;
				GENERATE_INFOPLIST_FILE = YES;
				MARKETING_VERSION = 1.0;
				PRODUCT_BUNDLE_IDENTIFIER = com.zambrano.httpsHeadersDemoUITests;
				PRODUCT_NAME = "$(TARGET_NAME)";
				SWIFT_EMIT_LOC_STRINGS = NO;
				SWIFT_VERSION = 5.0;
				TARGETED_DEVICE_FAMILY = "1,2";
				TEST_TARGET_NAME = httpsHeadersDemo;
			};
			name = Debug;
		};
		0303EC44277CD240002690CE /* Release */ = {
			isa = XCBuildConfiguration;
			buildSettings = {
				ALWAYS_EMBED_SWIFT_STANDARD_LIBRARIES = YES;
				CODE_SIGN_STYLE = Automatic;
				CURRENT_PROJECT_VERSION = 1;
				DEVELOPMENT_TEAM = HFK3F7XBAA;
				GENERATE_INFOPLIST_FILE = YES;
				MARKETING_VERSION = 1.0;
				PRODUCT_BUNDLE_IDENTIFIER = com.zambrano.httpsHeadersDemoUITests;
				PRODUCT_NAME = "$(TARGET_NAME)";
				SWIFT_EMIT_LOC_STRINGS = NO;
				SWIFT_VERSION = 5.0;
				TARGETED_DEVICE_FAMILY = "1,2";
				TEST_TARGET_NAME = httpsHeadersDemo;
			};
			name = Release;
		};
/* End XCBuildConfiguration section */

/* Begin XCConfigurationList section */
		0303EC0D277CD23A002690CE /* Build configuration list for PBXProject "httpsHeadersDemo" */ = {
			isa = XCConfigurationList;
			buildConfigurations = (
				0303EC3A277CD240002690CE /* Debug */,
				0303EC3B277CD240002690CE /* Release */,
			);
			defaultConfigurationIsVisible = 0;
			defaultConfigurationName = Release;
		};
		0303EC3C277CD240002690CE /* Build configuration list for PBXNativeTarget "httpsHeadersDemo" */ = {
			isa = XCConfigurationList;
			buildConfigurations = (
				0303EC3D277CD240002690CE /* Debug */,
				0303EC3E277CD240002690CE /* Release */,
			);
			defaultConfigurationIsVisible = 0;
			defaultConfigurationName = Release;
		};
		0303EC3F277CD240002690CE /* Build configuration list for PBXNativeTarget "httpsHeadersDemoTests" */ = {
			isa = XCConfigurationList;
			buildConfigurations = (
				0303EC40277CD240002690CE /* Debug */,
				0303EC41277CD240002690CE /* Release */,
			);
			defaultConfigurationIsVisible = 0;
			defaultConfigurationName = Release;
		};
		0303EC42277CD240002690CE /* Build configuration list for PBXNativeTarget "httpsHeadersDemoUITests" */ = {
			isa = XCConfigurationList;
			buildConfigurations = (
				0303EC43277CD240002690CE /* Debug */,
				0303EC44277CD240002690CE /* Release */,
			);
			defaultConfigurationIsVisible = 0;
			defaultConfigurationName = Release;
		};
/* End XCConfigurationList section */
	};
	rootObject = 0303EC0A277CD23A002690CE /* Project object */;
}
